{
  "version": 4,
  "terraform_version": "1.4.2",
  "serial": 5,
  "lineage": "332755e0-9c33-baaa-258b-f49bccfbb3f5",
  "outputs": {},
  "resources": [
    {
      "mode": "managed",
      "type": "docker_image",
      "name": "mysql",
      "provider": "provider[\"registry.terraform.io/kreuzwerker/docker\"]",
      "instances": [
        {
          "schema_version": 0,
          "attributes": {
            "build": [],
            "force_remove": null,
            "id": "sha256:d0304ed9fdb64a3f6c7ad11a5fb4f13abfc10e6dfa3f288d652e7320c34df7f9mysql:8.0",
            "image_id": "sha256:d0304ed9fdb64a3f6c7ad11a5fb4f13abfc10e6dfa3f288d652e7320c34df7f9",
            "keep_locally": null,
            "name": "mysql:8.0",
            "platform": null,
            "pull_triggers": null,
            "repo_digest": "mysql@sha256:d0304ed9fdb64a3f6c7ad11a5fb4f13abfc10e6dfa3f288d652e7320c34df7f9",
            "triggers": null
          },
          "sensitive_attributes": [],
          "private": "bnVsbA=="
        }
      ]
    },
    {
      "mode": "managed",
      "type": "docker_image",
      "name": "redis",
      "provider": "provider[\"registry.terraform.io/kreuzwerker/docker\"]",
      "instances": [
        {
          "schema_version": 0,
          "attributes": {
            "build": [],
            "force_remove": null,
            "id": "sha256:c5e375abb885e6b2021c0377879e4890bf76f9065b8922ffc113f2b226b9fc17redis:alpine",
            "image_id": "sha256:c5e375abb885e6b2021c0377879e4890bf76f9065b8922ffc113f2b226b9fc17",
            "keep_locally": null,
            "name": "redis:alpine",
            "platform": null,
            "pull_triggers": null,
            "repo_digest": "redis@sha256:c5e375abb885e6b2021c0377879e4890bf76f9065b8922ffc113f2b226b9fc17",
            "triggers": null
          },
          "sensitive_attributes": [],
          "private": "bnVsbA=="
        }
      ]
    }
  ],
  "check_results": null
}
